
Microsoft Visual Studio Solution File, Format Version 12.00
# Visual Studio Version 17
VisualStudioVersion = 17.7.34024.191
MinimumVisualStudioVersion = 10.0.40219.1
Project("{FAE04EC0-301F-11D3-BF4B-00C04F79EFBC}") = "Class18projectrialDbfirst", "Class18projectrialDbfirst.csproj", "{EAF72FDD-127C-406F-AD6D-7CBDDE7BA98D}"
EndProject
Global
	GlobalSection(SolutionConfigurationPlatforms) = preSolution
		Debug|Any CPU = Debug|Any CPU
		Release|Any CPU = Release|Any CPU
	EndGlobalSection
	GlobalSection(ProjectConfigurationPlatforms) = postSolution
		{EAF72FDD-127C-406F-AD6D-7CBDDE7BA98D}.Debug|Any CPU.ActiveCfg = Debug|Any CPU
		{EAF72FDD-127C-406F-AD6D-7CBDDE7BA98D}.Debug|Any CPU.Build.0 = Debug|Any CPU
		{EAF72FDD-127C-406F-AD6D-7CBDDE7BA98D}.Release|Any CPU.ActiveCfg = Release|Any CPU
		{EAF72FDD-127C-406F-AD6D-7CBDDE7BA98D}.Release|Any CPU.Build.0 = Release|Any CPU
	EndGlobalSection
	GlobalSection(SolutionProperties) = preSolution
		HideSolutionNode = FALSE
	EndGlobalSection
	GlobalSection(ExtensibilityGlobals) = postSolution
		SolutionGuid = {CD93C327-C194-457F-A797-50C6667BE752}
	EndGlobalSection
EndGlobal
